{
    "_meta": {
        "hash": {
            "sha256": "9068668b5cfa6f438a46499a1356db8766895580e5b3e5513941a114fcac24b8"
        },
        "pipfile-spec": 6,
        "requires": {
            "python_version": "3.10"
        },
        "sources": [
            {
                "name": "pypi",
                "url": "https://pypi.org/simple",
                "verify_ssl": true
            }
        ]
    },
    "default": {
        "asgiref": {
            "hashes": [
                "sha256:1d2880b792ae8757289136f1db2b7b99100ce959b2aa57fd69dab783d05afac4",
                "sha256:4a29362a6acebe09bf1d6640db38c1dc3d9217c68e6f9f6204d72667fc19a424"
            ],
            "index": "pypi",
            "version": "==3.5.2"
        },
        "channels": {
            "hashes": [
                "sha256:0ce53507a7da7b148eaa454526e0e05f7da5e5d1c23440e4886cf146981d8420",
                "sha256:2253334ac76f67cba68c2072273f7e0e67dbdac77eeb7e318f511d2f9a53c5e4"
            ],
            "index": "pypi",
            "version": "==4.0.0"
        },
        "django": {
            "hashes": [
                "sha256:678bbfc8604eb246ed54e2063f0765f13b321a50526bdc8cb1f943eda7fa31f1",
                "sha256:6b1de6886cae14c7c44d188f580f8ba8da05750f544c80ae5ad43375ab293cd5"
            ],
            "index": "pypi",
            "version": "==4.1.3"
        },
        "django-extensions": {
            "hashes": [
                "sha256:2a4f4d757be2563cd1ff7cfdf2e57468f5f931cc88b23cf82ca75717aae504a4",
                "sha256:421464be390289513f86cb5e18eb43e5dc1de8b4c27ba9faa3b91261b0d67e09"
            ],
            "index": "pypi",
            "version": "==3.2.1"
        },
        "django-filter": {
            "hashes": [
                "sha256:ed429e34760127e3520a67f415bec4c905d4649fbe45d0d6da37e6ff5e0287eb",
                "sha256:ed473b76e84f7e83b2511bb2050c3efb36d135207d0128dfe3ae4b36e3594ba5"
            ],
            "index": "pypi",
            "version": "==22.1"
        },
        "djangorestframework": {
            "hashes": [
                "sha256:579a333e6256b09489cbe0a067e66abe55c6595d8926be6b99423786334350c8",
                "sha256:eb63f58c9f218e1a7d064d17a70751f528ed4e1d35547fdade9aaf4cd103fd08"
            ],
            "index": "pypi",
            "version": "==3.14.0"
        },
        "djangorestframework-jsonapi": {
            "hashes": [
                "sha256:a93b3678bd5e2f070946ca32d7d0bb3734cb5966a80f8a44fa721fcf15cf89ce",
                "sha256:f2465b1b1cd3f372abacc8d99f82835643373f4f3f12965276ad1ccc2d110415"
            ],
            "index": "pypi",
            "version": "==6.0.0"
        },
        "inflection": {
            "hashes": [
                "sha256:1a29730d366e996aaacffb2f1f1cb9593dc38e2ddd30c91250c6dde09ea9b417",
                "sha256:f38b2b640938a4f35ade69ac3d053042959b62a0f1076a5bbaa1b9526605a8a2"
            ],
            "index": "pypi",
            "version": "==0.5.1"
        },
        "python-dotenv": {
            "hashes": [
                "sha256:1684eb44636dd462b66c3ee016599815514527ad99965de77f43e0944634a7e5",
                "sha256:b77d08274639e3d34145dfa6c7008e66df0f04b7be7a75fd0d5292c191d79045"
            ],
            "index": "pypi",
            "version": "==0.21.0"
        },
        "pytz": {
            "hashes": [
                "sha256:222439474e9c98fced559f1709d89e6c9cbf8d79c794ff3eb9f8800064291427",
                "sha256:e89512406b793ca39f5971bc999cc538ce125c0e51c27941bef4568b460095e2"
            ],
            "index": "pypi",
            "version": "==2022.6"
        },
        "sqlparse": {
            "hashes": [
                "sha256:0323c0ec29cd52bceabc1b4d9d579e311f3e4961b98d174201d5622a23b85e34",
                "sha256:69ca804846bb114d2ec380e4360a8a340db83f0ccf3afceeb1404df028f57268"
            ],
            "index": "pypi",
            "version": "==0.4.3"
        },
        "tzdata": {
            "hashes": [
                "sha256:04a680bdc5b15750c39c12a448885a51134a27ec9af83667663f0b3a1bf3f342",
                "sha256:91f11db4503385928c15598c98573e3af07e7229181bee5375bd30f1695ddcae"
            ],
            "index": "pypi",
            "version": "==2022.6"
        }
    },
    "develop": {}
}
